// !$*UTF8*$!
{
	archiveVersion = 1;
	classes = {
	};
	objectVersion = 55;
	objects = {

/* Begin PBXBuildFile section */
		94546F0E274869390059D033 /* ZebraHealthApp.swift in Sources */ = {isa = PBXBuildFile; fileRef = 94546F0D274869390059D033 /* ZebraHealthApp.swift */; };
		94546F10274869390059D033 /* ContentView.swift in Sources */ = {isa = PBXBuildFile; fileRef = 94546F0F274869390059D033 /* ContentView.swift */; };
		94546F122748693C0059D033 /* Assets.xcassets in Resources */ = {isa = PBXBuildFile; fileRef = 94546F112748693C0059D033 /* Assets.xcassets */; };
		94546F152748693C0059D033 /* Preview Assets.xcassets in Resources */ = {isa = PBXBuildFile; fileRef = 94546F142748693C0059D033 /* Preview Assets.xcassets */; };
		94546F1F2748693D0059D033 /* ZebraHealthTests.swift in Sources */ = {isa = PBXBuildFile; fileRef = 94546F1E2748693D0059D033 /* ZebraHealthTests.swift */; };
		94546F292748693D0059D033 /* ZebraHealthUITests.swift in Sources */ = {isa = PBXBuildFile; fileRef = 94546F282748693D0059D033 /* ZebraHealthUITests.swift */; };
		94546F2B2748693D0059D033 /* ZebraHealthUITestsLaunchTests.swift in Sources */ = {isa = PBXBuildFile; fileRef = 94546F2A2748693D0059D033 /* ZebraHealthUITestsLaunchTests.swift */; };
		94546F382748737B0059D033 /* BarChart.swift in Sources */ = {isa = PBXBuildFile; fileRef = 94546F372748737B0059D033 /* BarChart.swift */; };
		94546F3A274873EF0059D033 /* BarChartCell.swift in Sources */ = {isa = PBXBuildFile; fileRef = 94546F39274873EF0059D033 /* BarChartCell.swift */; };
		94546F3C274875570059D033 /* ProfilePicture.swift in Sources */ = {isa = PBXBuildFile; fileRef = 94546F3B274875570059D033 /* ProfilePicture.swift */; };
		94546F3E2748756C0059D033 /* ProfileSection.swift in Sources */ = {isa = PBXBuildFile; fileRef = 94546F3D2748756C0059D033 /* ProfileSection.swift */; };
		94546F40274875940059D033 /* ActivityDataset.swift in Sources */ = {isa = PBXBuildFile; fileRef = 94546F3F274875940059D033 /* ActivityDataset.swift */; };
		94546F422748759D0059D033 /* ChartData.swift in Sources */ = {isa = PBXBuildFile; fileRef = 94546F412748759C0059D033 /* ChartData.swift */; };
		94546F45274878510059D033 /* SlideOverCard in Frameworks */ = {isa = PBXBuildFile; productRef = 94546F44274878510059D033 /* SlideOverCard */; };
		94546F4B27487E350059D033 /* BarChartViewModel.swift in Sources */ = {isa = PBXBuildFile; fileRef = 94546F4A27487E350059D033 /* BarChartViewModel.swift */; };
		94546F4E274885AC0059D033 /* Date+Extensions.swift in Sources */ = {isa = PBXBuildFile; fileRef = 94546F4D274885AC0059D033 /* Date+Extensions.swift */; };
		94546F50274885C30059D033 /* ZebraHorseViewModel.swift in Sources */ = {isa = PBXBuildFile; fileRef = 94546F4F274885C30059D033 /* ZebraHorseViewModel.swift */; };
		94546F52274886570059D033 /* AddButton.swift in Sources */ = {isa = PBXBuildFile; fileRef = 94546F51274886570059D033 /* AddButton.swift */; };
		94546F55274898360059D033 /* UserProfile.swift in Sources */ = {isa = PBXBuildFile; fileRef = 94546F54274898360059D033 /* UserProfile.swift */; };
/* End PBXBuildFile section */

/* Begin PBXContainerItemProxy section */
		94546F1B2748693D0059D033 /* PBXContainerItemProxy */ = {
			isa = PBXContainerItemProxy;
			containerPortal = 94546F02274869390059D033 /* Project object */;
			proxyType = 1;
			remoteGlobalIDString = 94546F09274869390059D033;
			remoteInfo = ZebraHealth;
		};
		94546F252748693D0059D033 /* PBXContainerItemProxy */ = {
			isa = PBXContainerItemProxy;
			containerPortal = 94546F02274869390059D033 /* Project object */;
			proxyType = 1;
			remoteGlobalIDString = 94546F09274869390059D033;
			remoteInfo = ZebraHealth;
		};
/* End PBXContainerItemProxy section */

/* Begin PBXFileReference section */
		94546F0A274869390059D033 /* ZebraHealth.app */ = {isa = PBXFileReference; explicitFileType = wrapper.application; includeInIndex = 0; path = ZebraHealth.app; sourceTree = BUILT_PRODUCTS_DIR; };
		94546F0D274869390059D033 /* ZebraHealthApp.swift */ = {isa = PBXFileReference; lastKnownFileType = sourcecode.swift; path = ZebraHealthApp.swift; sourceTree = "<group>"; };
		94546F0F274869390059D033 /* ContentView.swift */ = {isa = PBXFileReference; lastKnownFileType = sourcecode.swift; path = ContentView.swift; sourceTree = "<group>"; };
		94546F112748693C0059D033 /* Assets.xcassets */ = {isa = PBXFileReference; lastKnownFileType = folder.assetcatalog; path = Assets.xcassets; sourceTree = "<group>"; };
		94546F142748693C0059D033 /* Preview Assets.xcassets */ = {isa = PBXFileReference; lastKnownFileType = folder.assetcatalog; path = "Preview Assets.xcassets"; sourceTree = "<group>"; };
		94546F1A2748693C0059D033 /* ZebraHealthTests.xctest */ = {isa = PBXFileReference; explicitFileType = wrapper.cfbundle; includeInIndex = 0; path = ZebraHealthTests.xctest; sourceTree = BUILT_PRODUCTS_DIR; };
		94546F1E2748693D0059D033 /* ZebraHealthTests.swift */ = {isa = PBXFileReference; lastKnownFileType = sourcecode.swift; path = ZebraHealthTests.swift; sourceTree = "<group>"; };
		94546F242748693D0059D033 /* ZebraHealthUITests.xctest */ = {isa = PBXFileReference; explicitFileType = wrapper.cfbundle; includeInIndex = 0; path = ZebraHealthUITests.xctest; sourceTree = BUILT_PRODUCTS_DIR; };
		94546F282748693D0059D033 /* ZebraHealthUITests.swift */ = {isa = PBXFileReference; lastKnownFileType = sourcecode.swift; path = ZebraHealthUITests.swift; sourceTree = "<group>"; };
		94546F2A2748693D0059D033 /* ZebraHealthUITestsLaunchTests.swift */ = {isa = PBXFileReference; lastKnownFileType = sourcecode.swift; path = ZebraHealthUITestsLaunchTests.swift; sourceTree = "<group>"; };
		94546F372748737B0059D033 /* BarChart.swift */ = {isa = PBXFileReference; lastKnownFileType = sourcecode.swift; path = BarChart.swift; sourceTree = "<group>"; };
		94546F39274873EF0059D033 /* BarChartCell.swift */ = {isa = PBXFileReference; lastKnownFileType = sourcecode.swift; path = BarChartCell.swift; sourceTree = "<group>"; };
		94546F3B274875570059D033 /* ProfilePicture.swift */ = {isa = PBXFileReference; lastKnownFileType = sourcecode.swift; path = ProfilePicture.swift; sourceTree = "<group>"; };
		94546F3D2748756C0059D033 /* ProfileSection.swift */ = {isa = PBXFileReference; lastKnownFileType = sourcecode.swift; path = ProfileSection.swift; sourceTree = "<group>"; };
		94546F3F274875940059D033 /* ActivityDataset.swift */ = {isa = PBXFileReference; lastKnownFileType = sourcecode.swift; path = ActivityDataset.swift; sourceTree = "<group>"; };
		94546F412748759C0059D033 /* ChartData.swift */ = {isa = PBXFileReference; lastKnownFileType = sourcecode.swift; path = ChartData.swift; sourceTree = "<group>"; };
		94546F4A27487E350059D033 /* BarChartViewModel.swift */ = {isa = PBXFileReference; lastKnownFileType = sourcecode.swift; path = BarChartViewModel.swift; sourceTree = "<group>"; };
		94546F4D274885AC0059D033 /* Date+Extensions.swift */ = {isa = PBXFileReference; lastKnownFileType = sourcecode.swift; path = "Date+Extensions.swift"; sourceTree = "<group>"; };
		94546F4F274885C30059D033 /* ZebraHorseViewModel.swift */ = {isa = PBXFileReference; lastKnownFileType = sourcecode.swift; path = ZebraHorseViewModel.swift; sourceTree = "<group>"; };
		94546F51274886570059D033 /* AddButton.swift */ = {isa = PBXFileReference; lastKnownFileType = sourcecode.swift; path = AddButton.swift; sourceTree = "<group>"; };
		94546F54274898360059D033 /* UserProfile.swift */ = {isa = PBXFileReference; lastKnownFileType = sourcecode.swift; path = UserProfile.swift; sourceTree = "<group>"; };
/* End PBXFileReference section */

/* Begin PBXFrameworksBuildPhase section */
		94546F07274869390059D033 /* Frameworks */ = {
			isa = PBXFrameworksBuildPhase;
			buildActionMask = 2147483647;
			files = (
				94546F45274878510059D033 /* SlideOverCard in Frameworks */,
			);
			runOnlyForDeploymentPostprocessing = 0;
		};
		94546F172748693C0059D033 /* Frameworks */ = {
			isa = PBXFrameworksBuildPhase;
			buildActionMask = 2147483647;
			files = (
			);
			runOnlyForDeploymentPostprocessing = 0;
		};
		94546F212748693D0059D033 /* Frameworks */ = {
			isa = PBXFrameworksBuildPhase;
			buildActionMask = 2147483647;
			files = (
			);
			runOnlyForDeploymentPostprocessing = 0;
		};
/* End PBXFrameworksBuildPhase section */

/* Begin PBXGroup section */
		94546F01274869390059D033 = {
			isa = PBXGroup;
			children = (
				94546F0C274869390059D033 /* ZebraHealth */,
				94546F1D2748693D0059D033 /* ZebraHealthTests */,
				94546F272748693D0059D033 /* ZebraHealthUITests */,
				94546F0B274869390059D033 /* Products */,
			);
			sourceTree = "<group>";
		};
		94546F0B274869390059D033 /* Products */ = {
			isa = PBXGroup;
			children = (
				94546F0A274869390059D033 /* ZebraHealth.app */,
				94546F1A2748693C0059D033 /* ZebraHealthTests.xctest */,
				94546F242748693D0059D033 /* ZebraHealthUITests.xctest */,
			);
			name = Products;
			sourceTree = "<group>";
		};
		94546F0C274869390059D033 /* ZebraHealth */ = {
			isa = PBXGroup;
			children = (
				94546F4C2748859F0059D033 /* Extensions */,
				94546F4927487E0B0059D033 /* Mock Data */,
				94546F4827487DF30059D033 /* ViewModel */,
				94546F4727487DEE0059D033 /* Models */,
				94546F4627487DE90059D033 /* View */,
				94546F0D274869390059D033 /* ZebraHealthApp.swift */,
				94546F112748693C0059D033 /* Assets.xcassets */,
				94546F132748693C0059D033 /* Preview Content */,
			);
			path = ZebraHealth;
			sourceTree = "<group>";
		};
		94546F132748693C0059D033 /* Preview Content */ = {
			isa = PBXGroup;
			children = (
				94546F142748693C0059D033 /* Preview Assets.xcassets */,
			);
			path = "Preview Content";
			sourceTree = "<group>";
		};
		94546F1D2748693D0059D033 /* ZebraHealthTests */ = {
			isa = PBXGroup;
			children = (
				94546F1E2748693D0059D033 /* ZebraHealthTests.swift */,
			);
			path = ZebraHealthTests;
			sourceTree = "<group>";
		};
		94546F272748693D0059D033 /* ZebraHealthUITests */ = {
			isa = PBXGroup;
			children = (
				94546F282748693D0059D033 /* ZebraHealthUITests.swift */,
				94546F2A2748693D0059D033 /* ZebraHealthUITestsLaunchTests.swift */,
			);
			path = ZebraHealthUITests;
			sourceTree = "<group>";
		};
		94546F4627487DE90059D033 /* View */ = {
			isa = PBXGroup;
			children = (
				94546F53274886660059D033 /* Components */,
				94546F0F274869390059D033 /* ContentView.swift */,
				94546F372748737B0059D033 /* BarChart.swift */,
				94546F3D2748756C0059D033 /* ProfileSection.swift */,
			);
			path = View;
			sourceTree = "<group>";
		};
		94546F4727487DEE0059D033 /* Models */ = {
			isa = PBXGroup;
			children = (
				94546F54274898360059D033 /* UserProfile.swift */,
				94546F412748759C0059D033 /* ChartData.swift */,
			);
			path = Models;
			sourceTree = "<group>";
		};
		94546F4827487DF30059D033 /* ViewModel */ = {
			isa = PBXGroup;
			children = (
				94546F4A27487E350059D033 /* BarChartViewModel.swift */,
				94546F4F274885C30059D033 /* ZebraHorseViewModel.swift */,
			);
			path = ViewModel;
			sourceTree = "<group>";
		};
		94546F4927487E0B0059D033 /* Mock Data */ = {
			isa = PBXGroup;
			children = (
				94546F3F274875940059D033 /* ActivityDataset.swift */,
			);
			path = "Mock Data";
			sourceTree = "<group>";
		};
		94546F4C2748859F0059D033 /* Extensions */ = {
			isa = PBXGroup;
			children = (
				94546F4D274885AC0059D033 /* Date+Extensions.swift */,
			);
			path = Extensions;
			sourceTree = "<group>";
		};
		94546F53274886660059D033 /* Components */ = {
			isa = PBXGroup;
			children = (
				94546F51274886570059D033 /* AddButton.swift */,
				94546F3B274875570059D033 /* ProfilePicture.swift */,
				94546F39274873EF0059D033 /* BarChartCell.swift */,
			);
			path = Components;
			sourceTree = "<group>";
		};
/* End PBXGroup section */

/* Begin PBXNativeTarget section */
		94546F09274869390059D033 /* ZebraHealth */ = {
			isa = PBXNativeTarget;
			buildConfigurationList = 94546F2E2748693D0059D033 /* Build configuration list for PBXNativeTarget "ZebraHealth" */;
			buildPhases = (
				94546F06274869390059D033 /* Sources */,
				94546F07274869390059D033 /* Frameworks */,
				94546F08274869390059D033 /* Resources */,
			);
			buildRules = (
			);
			dependencies = (
			);
			name = ZebraHealth;
			packageProductDependencies = (
				94546F44274878510059D033 /* SlideOverCard */,
			);
			productName = ZebraHealth;
			productReference = 94546F0A274869390059D033 /* ZebraHealth.app */;
			productType = "com.apple.product-type.application";
		};
		94546F192748693C0059D033 /* ZebraHealthTests */ = {
			isa = PBXNativeTarget;
			buildConfigurationList = 94546F312748693D0059D033 /* Build configuration list for PBXNativeTarget "ZebraHealthTests" */;
			buildPhases = (
				94546F162748693C0059D033 /* Sources */,
				94546F172748693C0059D033 /* Frameworks */,
				94546F182748693C0059D033 /* Resources */,
			);
			buildRules = (
			);
			dependencies = (
				94546F1C2748693D0059D033 /* PBXTargetDependency */,
			);
			name = ZebraHealthTests;
			productName = ZebraHealthTests;
			productReference = 94546F1A2748693C0059D033 /* ZebraHealthTests.xctest */;
			productType = "com.apple.product-type.bundle.unit-test";
		};
		94546F232748693D0059D033 /* ZebraHealthUITests */ = {
			isa = PBXNativeTarget;
			buildConfigurationList = 94546F342748693D0059D033 /* Build configuration list for PBXNativeTarget "ZebraHealthUITests" */;
			buildPhases = (
				94546F202748693D0059D033 /* Sources */,
				94546F212748693D0059D033 /* Frameworks */,
				94546F222748693D0059D033 /* Resources */,
			);
			buildRules = (
			);
			dependencies = (
				94546F262748693D0059D033 /* PBXTargetDependency */,
			);
			name = ZebraHealthUITests;
			productName = ZebraHealthUITests;
			productReference = 94546F242748693D0059D033 /* ZebraHealthUITests.xctest */;
			productType = "com.apple.product-type.bundle.ui-testing";
		};
/* End PBXNativeTarget section */

/* Begin PBXProject section */
		94546F02274869390059D033 /* Project object */ = {
			isa = PBXProject;
			attributes = {
				BuildIndependentTargetsInParallel = 1;
				LastSwiftUpdateCheck = 1310;
				LastUpgradeCheck = 1310;
				TargetAttributes = {
					94546F09274869390059D033 = {
						CreatedOnToolsVersion = 13.1;
					};
					94546F192748693C0059D033 = {
						CreatedOnToolsVersion = 13.1;
						TestTargetID = 94546F09274869390059D033;
					};
					94546F232748693D0059D033 = {
						CreatedOnToolsVersion = 13.1;
						TestTargetID = 94546F09274869390059D033;
					};
				};
			};
			buildConfigurationList = 94546F05274869390059D033 /* Build configuration list for PBXProject "ZebraHealth" */;
			compatibilityVersion = "Xcode 13.0";
			developmentRegion = en;
			hasScannedForEncodings = 0;
			knownRegions = (
				en,
				Base,
			);
			mainGroup = 94546F01274869390059D033;
			packageReferences = (
				94546F43274878510059D033 /* XCRemoteSwiftPackageReference "SlideOverCard" */,
			);
			productRefGroup = 94546F0B274869390059D033 /* Products */;
			projectDirPath = "";
			projectRoot = "";
			targets = (
				94546F09274869390059D033 /* ZebraHealth */,
				94546F192748693C0059D033 /* ZebraHealthTests */,
				94546F232748693D0059D033 /* ZebraHealthUITests */,
			);
		};
/* End PBXProject section */

/* Begin PBXResourcesBuildPhase section */
		94546F08274869390059D033 /* Resources */ = {
			isa = PBXResourcesBuildPhase;
			buildActionMask = 2147483647;
			files = (
				94546F152748693C0059D033 /* Preview Assets.xcassets in Resources */,
				94546F122748693C0059D033 /* Assets.xcassets in Resources */,
			);
			runOnlyForDeploymentPostprocessing = 0;
		};
		94546F182748693C0059D033 /* Resources */ = {
			isa = PBXResourcesBuildPhase;
			buildActionMask = 2147483647;
			files = (
			);
			runOnlyForDeploymentPostprocessing = 0;
		};
		94546F222748693D0059D033 /* Resources */ = {
			isa = PBXResourcesBuildPhase;
			buildActionMask = 2147483647;
			files = (
			);
			runOnlyForDeploymentPostprocessing = 0;
		};
/* End PBXResourcesBuildPhase section */

/* Begin PBXSourcesBuildPhase section */
		94546F06274869390059D033 /* Sources */ = {
			isa = PBXSourcesBuildPhase;
			buildActionMask = 2147483647;
			files = (
				94546F3A274873EF0059D033 /* BarChartCell.swift in Sources */,
				94546F3E2748756C0059D033 /* ProfileSection.swift in Sources */,
				94546F40274875940059D033 /* ActivityDataset.swift in Sources */,
				94546F52274886570059D033 /* AddButton.swift in Sources */,
				94546F4E274885AC0059D033 /* Date+Extensions.swift in Sources */,
				94546F4B27487E350059D033 /* BarChartViewModel.swift in Sources */,
				94546F10274869390059D033 /* ContentView.swift in Sources */,
				94546F3C274875570059D033 /* ProfilePicture.swift in Sources */,
				94546F382748737B0059D033 /* BarChart.swift in Sources */,
				94546F422748759D0059D033 /* ChartData.swift in Sources */,
				94546F50274885C30059D033 /* ZebraHorseViewModel.swift in Sources */,
				94546F0E274869390059D033 /* ZebraHealthApp.swift in Sources */,
				94546F55274898360059D033 /* UserProfile.swift in Sources */,
			);
			runOnlyForDeploymentPostprocessing = 0;
		};
		94546F162748693C0059D033 /* Sources */ = {
			isa = PBXSourcesBuildPhase;
			buildActionMask = 2147483647;
			files = (
				94546F1F2748693D0059D033 /* ZebraHealthTests.swift in Sources */,
			);
			runOnlyForDeploymentPostprocessing = 0;
		};
		94546F202748693D0059D033 /* Sources */ = {
			isa = PBXSourcesBuildPhase;
			buildActionMask = 2147483647;
			files = (
				94546F292748693D0059D033 /* ZebraHealthUITests.swift in Sources */,
				94546F2B2748693D0059D033 /* ZebraHealthUITestsLaunchTests.swift in Sources */,
			);
			runOnlyForDeploymentPostprocessing = 0;
		};
/* End PBXSourcesBuildPhase section */

/* Begin PBXTargetDependency section */
		94546F1C2748693D0059D033 /* PBXTargetDependency */ = {
			isa = PBXTargetDependency;
			target = 94546F09274869390059D033 /* ZebraHealth */;
			targetProxy = 94546F1B2748693D0059D033 /* PBXContainerItemProxy */;
		};
		94546F262748693D0059D033 /* PBXTargetDependency */ = {
			isa = PBXTargetDependency;
			target = 94546F09274869390059D033 /* ZebraHealth */;
			targetProxy = 94546F252748693D0059D033 /* PBXContainerItemProxy */;
		};
/* End PBXTargetDependency section */

/* Begin XCBuildConfiguration section */
		94546F2C2748693D0059D033 /* Debug */ = {
			isa = XCBuildConfiguration;
			buildSettings = {
				ALWAYS_SEARCH_USER_PATHS = NO;
				CLANG_ANALYZER_NONNULL = YES;
				CLANG_ANALYZER_NUMBER_OBJECT_CONVERSION = YES_AGGRESSIVE;
				CLANG_CXX_LANGUAGE_STANDARD = "gnu++17";
				CLANG_CXX_LIBRARY = "libc++";
				CLANG_ENABLE_MODULES = YES;
				CLANG_ENABLE_OBJC_ARC = YES;
				CLANG_ENABLE_OBJC_WEAK = YES;
				CLANG_WARN_BLOCK_CAPTURE_AUTORELEASING = YES;
				CLANG_WARN_BOOL_CONVERSION = YES;
				CLANG_WARN_COMMA = YES;
				CLANG_WARN_CONSTANT_CONVERSION = YES;
				CLANG_WARN_DEPRECATED_OBJC_IMPLEMENTATIONS = YES;
				CLANG_WARN_DIRECT_OBJC_ISA_USAGE = YES_ERROR;
				CLANG_WARN_DOCUMENTATION_COMMENTS = YES;
				CLANG_WARN_EMPTY_BODY = YES;
				CLANG_WARN_ENUM_CONVERSION = YES;
				CLANG_WARN_INFINITE_RECURSION = YES;
				CLANG_WARN_INT_CONVERSION = YES;
				CLANG_WARN_NON_LITERAL_NULL_CONVERSION = YES;
				CLANG_WARN_OBJC_IMPLICIT_RETAIN_SELF = YES;
				CLANG_WARN_OBJC_LITERAL_CONVERSION = YES;
				CLANG_WARN_OBJC_ROOT_CLASS = YES_ERROR;
				CLANG_WARN_QUOTED_INCLUDE_IN_FRAMEWORK_HEADER = YES;
				CLANG_WARN_RANGE_LOOP_ANALYSIS = YES;
				CLANG_WARN_STRICT_PROTOTYPES = YES;
				CLANG_WARN_SUSPICIOUS_MOVE = YES;
				CLANG_WARN_UNGUARDED_AVAILABILITY = YES_AGGRESSIVE;
				CLANG_WARN_UNREACHABLE_CODE = YES;
				CLANG_WARN__DUPLICATE_METHOD_MATCH = YES;
				COPY_PHASE_STRIP = NO;
				DEBUG_INFORMATION_FORMAT = dwarf;
				ENABLE_STRICT_OBJC_MSGSEND = YES;
				ENABLE_TESTABILITY = YES;
				GCC_C_LANGUAGE_STANDARD = gnu11;
				GCC_DYNAMIC_NO_PIC = NO;
				GCC_NO_COMMON_BLOCKS = YES;
				GCC_OPTIMIZATION_LEVEL = 0;
				GCC_PREPROCESSOR_DEFINITIONS = (
					"DEBUG=1",
					"$(inherited)",
				);
				GCC_WARN_64_TO_32_BIT_CONVERSION = YES;
				GCC_WARN_ABOUT_RETURN_TYPE = YES_ERROR;
				GCC_WARN_UNDECLARED_SELECTOR = YES;
				GCC_WARN_UNINITIALIZED_AUTOS = YES_AGGRESSIVE;
				GCC_WARN_UNUSED_FUNCTION = YES;
				GCC_WARN_UNUSED_VARIABLE = YES;
				IPHONEOS_DEPLOYMENT_TARGET = 14.0;
				MTL_ENABLE_DEBUG_INFO = INCLUDE_SOURCE;
				MTL_FAST_MATH = YES;
				ONLY_ACTIVE_ARCH = YES;
				SDKROOT = iphoneos;
				SWIFT_ACTIVE_COMPILATION_CONDITIONS = DEBUG;
				SWIFT_OPTIMIZATION_LEVEL = "-Onone";
			};
			name = Debug;
		};
		94546F2D2748693D0059D033 /* Release */ = {
			isa = XCBuildConfiguration;
			buildSettings = {
				ALWAYS_SEARCH_USER_PATHS = NO;
				CLANG_ANALYZER_NONNULL = YES;
				CLANG_ANALYZER_NUMBER_OBJECT_CONVERSION = YES_AGGRESSIVE;
				CLANG_CXX_LANGUAGE_STANDARD = "gnu++17";
				CLANG_CXX_LIBRARY = "libc++";
				CLANG_ENABLE_MODULES = YES;
				CLANG_ENABLE_OBJC_ARC = YES;
				CLANG_ENABLE_OBJC_WEAK = YES;
				CLANG_WARN_BLOCK_CAPTURE_AUTORELEASING = YES;
				CLANG_WARN_BOOL_CONVERSION = YES;
				CLANG_WARN_COMMA = YES;
				CLANG_WARN_CONSTANT_CONVERSION = YES;
				CLANG_WARN_DEPRECATED_OBJC_IMPLEMENTATIONS = YES;
				CLANG_WARN_DIRECT_OBJC_ISA_USAGE = YES_ERROR;
				CLANG_WARN_DOCUMENTATION_COMMENTS = YES;
				CLANG_WARN_EMPTY_BODY = YES;
				CLANG_WARN_ENUM_CONVERSION = YES;
				CLANG_WARN_INFINITE_RECURSION = YES;
				CLANG_WARN_INT_CONVERSION = YES;
				CLANG_WARN_NON_LITERAL_NULL_CONVERSION = YES;
				CLANG_WARN_OBJC_IMPLICIT_RETAIN_SELF = YES;
				CLANG_WARN_OBJC_LITERAL_CONVERSION = YES;
				CLANG_WARN_OBJC_ROOT_CLASS = YES_ERROR;
				CLANG_WARN_QUOTED_INCLUDE_IN_FRAMEWORK_HEADER = YES;
				CLANG_WARN_RANGE_LOOP_ANALYSIS = YES;
				CLANG_WARN_STRICT_PROTOTYPES = YES;
				CLANG_WARN_SUSPICIOUS_MOVE = YES;
				CLANG_WARN_UNGUARDED_AVAILABILITY = YES_AGGRESSIVE;
				CLANG_WARN_UNREACHABLE_CODE = YES;
				CLANG_WARN__DUPLICATE_METHOD_MATCH = YES;
				COPY_PHASE_STRIP = NO;
				DEBUG_INFORMATION_FORMAT = "dwarf-with-dsym";
				ENABLE_NS_ASSERTIONS = NO;
				ENABLE_STRICT_OBJC_MSGSEND = YES;
				GCC_C_LANGUAGE_STANDARD = gnu11;
				GCC_NO_COMMON_BLOCKS = YES;
				GCC_WARN_64_TO_32_BIT_CONVERSION = YES;
				GCC_WARN_ABOUT_RETURN_TYPE = YES_ERROR;
				GCC_WARN_UNDECLARED_SELECTOR = YES;
				GCC_WARN_UNINITIALIZED_AUTOS = YES_AGGRESSIVE;
				GCC_WARN_UNUSED_FUNCTION = YES;
				GCC_WARN_UNUSED_VARIABLE = YES;
				IPHONEOS_DEPLOYMENT_TARGET = 14.0;
				MTL_ENABLE_DEBUG_INFO = NO;
				MTL_FAST_MATH = YES;
				SDKROOT = iphoneos;
				SWIFT_COMPILATION_MODE = wholemodule;
				SWIFT_OPTIMIZATION_LEVEL = "-O";
				VALIDATE_PRODUCT = YES;
			};
			name = Release;
		};
		94546F2F2748693D0059D033 /* Debug */ = {
			isa = XCBuildConfiguration;
			buildSettings = {
				ASSETCATALOG_COMPILER_APPICON_NAME = AppIcon;
				ASSETCATALOG_COMPILER_GLOBAL_ACCENT_COLOR_NAME = AccentColor;
				ASSETCATALOG_COMPILER_INCLUDE_ALL_APPICON_ASSETS = YES;
				CODE_SIGN_STYLE = Automatic;
				CURRENT_PROJECT_VERSION = 1;
				DEVELOPMENT_ASSET_PATHS = "\"ZebraHealth/Preview Content\"";
				DEVELOPMENT_TEAM = R935X42Z66;
				ENABLE_PREVIEWS = YES;
				GENERATE_INFOPLIST_FILE = YES;
				INFOPLIST_KEY_UIApplicationSceneManifest_Generation = YES;
				INFOPLIST_KEY_UIApplicationSupportsIndirectInputEvents = YES;
				INFOPLIST_KEY_UILaunchScreen_Generation = YES;
				INFOPLIST_KEY_UISupportedInterfaceOrientations_iPad = "UIInterfaceOrientationPortrait UIInterfaceOrientationPortraitUpsideDown UIInterfaceOrientationLandscapeLeft UIInterfaceOrientationLandscapeRight";
				INFOPLIST_KEY_UISupportedInterfaceOrientations_iPhone = "UIInterfaceOrientationPortrait UIInterfaceOrientationLandscapeLeft UIInterfaceOrientationLandscapeRight";
				IPHONEOS_DEPLOYMENT_TARGET = 14.0;
				LD_RUNPATH_SEARCH_PATHS = (
					"$(inherited)",
					"@executable_path/Frameworks",
				);
				MARKETING_VERSION = 1.0;
				PRODUCT_BUNDLE_IDENTIFIER = com.martingda.ZebraHealth;
				PRODUCT_NAME = "$(TARGET_NAME)";
				SWIFT_EMIT_LOC_STRINGS = YES;
				SWIFT_VERSION = 5.0;
				TARGETED_DEVICE_FAMILY = "1,2";
			};
			name = Debug;
		};
		94546F302748693D0059D033 /* Release */ = {
			isa = XCBuildConfiguration;
			buildSettings = {
				ASSETCATALOG_COMPILER_APPICON_NAME = AppIcon;
				ASSETCATALOG_COMPILER_GLOBAL_ACCENT_COLOR_NAME = AccentColor;
				ASSETCATALOG_COMPILER_INCLUDE_ALL_APPICON_ASSETS = YES;
				CODE_SIGN_STYLE = Automatic;
				CURRENT_PROJECT_VERSION = 1;
				DEVELOPMENT_ASSET_PATHS = "\"ZebraHealth/Preview Content\"";
				DEVELOPMENT_TEAM = R935X42Z66;
				ENABLE_PREVIEWS = YES;
				GENERATE_INFOPLIST_FILE = YES;
				INFOPLIST_KEY_UIApplicationSceneManifest_Generation = YES;
				INFOPLIST_KEY_UIApplicationSupportsIndirectInputEvents = YES;
				INFOPLIST_KEY_UILaunchScreen_Generation = YES;
				INFOPLIST_KEY_UISupportedInterfaceOrientations_iPad = "UIInterfaceOrientationPortrait UIInterfaceOrientationPortraitUpsideDown UIInterfaceOrientationLandscapeLeft UIInterfaceOrientationLandscapeRight";
				INFOPLIST_KEY_UISupportedInterfaceOrientations_iPhone = "UIInterfaceOrientationPortrait UIInterfaceOrientationLandscapeLeft UIInterfaceOrientationLandscapeRight";
				IPHONEOS_DEPLOYMENT_TARGET = 14.0;
				LD_RUNPATH_SEARCH_PATHS = (
					"$(inherited)",
					"@executable_path/Frameworks",
				);
				MARKETING_VERSION = 1.0;
				PRODUCT_BUNDLE_IDENTIFIER = com.martingda.ZebraHealth;
				PRODUCT_NAME = "$(TARGET_NAME)";
				SWIFT_EMIT_LOC_STRINGS = YES;
				SWIFT_VERSION = 5.0;
				TARGETED_DEVICE_FAMILY = "1,2";
			};
			name = Release;
		};
		94546F322748693D0059D033 /* Debug */ = {
			isa = XCBuildConfiguration;
			buildSettings = {
				ALWAYS_EMBED_SWIFT_STANDARD_LIBRARIES = YES;
				BUNDLE_LOADER = "$(TEST_HOST)";
				CODE_SIGN_STYLE = Automatic;
				CURRENT_PROJECT_VERSION = 1;
				DEVELOPMENT_TEAM = U9SQ38577K;
				GENERATE_INFOPLIST_FILE = YES;
				IPHONEOS_DEPLOYMENT_TARGET = 15.0;
				LD_RUNPATH_SEARCH_PATHS = (
					"$(inherited)",
					"@executable_path/Frameworks",
					"@loader_path/Frameworks",
				);
				MARKETING_VERSION = 1.0;
				PRODUCT_BUNDLE_IDENTIFIER = com.martntn.ZebraHealthTests;
				PRODUCT_NAME = "$(TARGET_NAME)";
				SWIFT_EMIT_LOC_STRINGS = NO;
				SWIFT_VERSION = 5.0;
				TARGETED_DEVICE_FAMILY = "1,2";
				TEST_HOST = "$(BUILT_PRODUCTS_DIR)/ZebraHealth.app/ZebraHealth";
			};
			name = Debug;
		};
		94546F332748693D0059D033 /* Release */ = {
			isa = XCBuildConfiguration;
			buildSettings = {
				ALWAYS_EMBED_SWIFT_STANDARD_LIBRARIES = YES;
				BUNDLE_LOADER = "$(TEST_HOST)";
				CODE_SIGN_STYLE = Automatic;
				CURRENT_PROJECT_VERSION = 1;
				DEVELOPMENT_TEAM = U9SQ38577K;
				GENERATE_INFOPLIST_FILE = YES;
				IPHONEOS_DEPLOYMENT_TARGET = 15.0;
				LD_RUNPATH_SEARCH_PATHS = (
					"$(inherited)",
					"@executable_path/Frameworks",
					"@loader_path/Frameworks",
				);
				MARKETING_VERSION = 1.0;
				PRODUCT_BUNDLE_IDENTIFIER = com.martntn.ZebraHealthTests;
				PRODUCT_NAME = "$(TARGET_NAME)";
				SWIFT_EMIT_LOC_STRINGS = NO;
				SWIFT_VERSION = 5.0;
				TARGETED_DEVICE_FAMILY = "1,2";
				TEST_HOST = "$(BUILT_PRODUCTS_DIR)/ZebraHealth.app/ZebraHealth";
			};
			name = Release;
		};
		94546F352748693D0059D033 /* Debug */ = {
			isa = XCBuildConfiguration;
			buildSettings = {
				ALWAYS_EMBED_SWIFT_STANDARD_LIBRARIES = YES;
				CODE_SIGN_STYLE = Automatic;
				CURRENT_PROJECT_VERSION = 1;
				DEVELOPMENT_TEAM = U9SQ38577K;
				GENERATE_INFOPLIST_FILE = YES;
				LD_RUNPATH_SEARCH_PATHS = (
					"$(inherited)",
					"@executable_path/Frameworks",
					"@loader_path/Frameworks",
				);
				MARKETING_VERSION = 1.0;
				PRODUCT_BUNDLE_IDENTIFIER = com.martntn.ZebraHealthUITests;
				PRODUCT_NAME = "$(TARGET_NAME)";
				SWIFT_EMIT_LOC_STRINGS = NO;
				SWIFT_VERSION = 5.0;
				TARGETED_DEVICE_FAMILY = "1,2";
				TEST_TARGET_NAME = ZebraHealth;
			};
			name = Debug;
		};
		94546F362748693D0059D033 /* Release */ = {
			isa = XCBuildConfiguration;
			buildSettings = {
				ALWAYS_EMBED_SWIFT_STANDARD_LIBRARIES = YES;
				CODE_SIGN_STYLE = Automatic;
				CURRENT_PROJECT_VERSION = 1;
				DEVELOPMENT_TEAM = U9SQ38577K;
				GENERATE_INFOPLIST_FILE = YES;
				LD_RUNPATH_SEARCH_PATHS = (
					"$(inherited)",
					"@executable_path/Frameworks",
					"@loader_path/Frameworks",
				);
				MARKETING_VERSION = 1.0;
				PRODUCT_BUNDLE_IDENTIFIER = com.martntn.ZebraHealthUITests;
				PRODUCT_NAME = "$(TARGET_NAME)";
				SWIFT_EMIT_LOC_STRINGS = NO;
				SWIFT_VERSION = 5.0;
				TARGETED_DEVICE_FAMILY = "1,2";
				TEST_TARGET_NAME = ZebraHealth;
			};
			name = Release;
		};
/* End XCBuildConfiguration section */

/* Begin XCConfigurationList section */
		94546F05274869390059D033 /* Build configuration list for PBXProject "ZebraHealth" */ = {
			isa = XCConfigurationList;
			buildConfigurations = (
				94546F2C2748693D0059D033 /* Debug */,
				94546F2D2748693D0059D033 /* Release */,
			);
			defaultConfigurationIsVisible = 0;
			defaultConfigurationName = Release;
		};
		94546F2E2748693D0059D033 /* Build configuration list for PBXNativeTarget "ZebraHealth" */ = {
			isa = XCConfigurationList;
			buildConfigurations = (
				94546F2F2748693D0059D033 /* Debug */,
				94546F302748693D0059D033 /* Release */,
			);
			defaultConfigurationIsVisible = 0;
			defaultConfigurationName = Release;
		};
		94546F312748693D0059D033 /* Build configuration list for PBXNativeTarget "ZebraHealthTests" */ = {
			isa = XCConfigurationList;
			buildConfigurations = (
				94546F322748693D0059D033 /* Debug */,
				94546F332748693D0059D033 /* Release */,
			);
			defaultConfigurationIsVisible = 0;
			defaultConfigurationName = Release;
		};
		94546F342748693D0059D033 /* Build configuration list for PBXNativeTarget "ZebraHealthUITests" */ = {
			isa = XCConfigurationList;
			buildConfigurations = (
				94546F352748693D0059D033 /* Debug */,
				94546F362748693D0059D033 /* Release */,
			);
			defaultConfigurationIsVisible = 0;
			defaultConfigurationName = Release;
		};
/* End XCConfigurationList section */

/* Begin XCRemoteSwiftPackageReference section */
		94546F43274878510059D033 /* XCRemoteSwiftPackageReference "SlideOverCard" */ = {
			isa = XCRemoteSwiftPackageReference;
			repositoryURL = "https://github.com/joogps/SlideOverCard";
			requirement = {
				kind = upToNextMajorVersion;
				minimumVersion = 2.0.0;
			};
		};
/* End XCRemoteSwiftPackageReference section */

/* Begin XCSwiftPackageProductDependency section */
		94546F44274878510059D033 /* SlideOverCard */ = {
			isa = XCSwiftPackageProductDependency;
			package = 94546F43274878510059D033 /* XCRemoteSwiftPackageReference "SlideOverCard" */;
			productName = SlideOverCard;
		};
/* End XCSwiftPackageProductDependency section */
	};
	rootObject = 94546F02274869390059D033 /* Project object */;
}
